
Microsoft Visual Studio Solution File, Format Version 12.00
# Visual Studio Version 17
VisualStudioVersion = 17.6.33801.468
MinimumVisualStudioVersion = 10.0.40219.1
Project("{FAE04EC0-301F-11D3-BF4B-00C04F79EFBC}") = "VirtualClient", "VirtualClient\VirtualClient.csproj", "{A8DC1FA2-F5DE-426E-89CE-F31225B203CF}"
EndProject
Project("{FAE04EC0-301F-11D3-BF4B-00C04F79EFBC}") = "VirtualServer", "VirtualServer\VirtualServer.csproj", "{ECD51082-FEEA-4672-91FA-37483B900069}"
EndProject
Project("{FAE04EC0-301F-11D3-BF4B-00C04F79EFBC}") = "VirtualLog", "VirtualLog\VirtualLog.csproj", "{879156BE-AADD-4B18-B382-4569F130BEC7}"
EndProject
Global
	GlobalSection(SolutionConfigurationPlatforms) = preSolution
		Debug|Any CPU = Debug|Any CPU
		Release|Any CPU = Release|Any CPU
	EndGlobalSection
	GlobalSection(ProjectConfigurationPlatforms) = postSolution
		{A8DC1FA2-F5DE-426E-89CE-F31225B203CF}.Debug|Any CPU.ActiveCfg = Debug|Any CPU
		{A8DC1FA2-F5DE-426E-89CE-F31225B203CF}.Debug|Any CPU.Build.0 = Debug|Any CPU
		{A8DC1FA2-F5DE-426E-89CE-F31225B203CF}.Release|Any CPU.ActiveCfg = Release|Any CPU
		{A8DC1FA2-F5DE-426E-89CE-F31225B203CF}.Release|Any CPU.Build.0 = Release|Any CPU
		{ECD51082-FEEA-4672-91FA-37483B900069}.Debug|Any CPU.ActiveCfg = Debug|Any CPU
		{ECD51082-FEEA-4672-91FA-37483B900069}.Debug|Any CPU.Build.0 = Debug|Any CPU
		{ECD51082-FEEA-4672-91FA-37483B900069}.Release|Any CPU.ActiveCfg = Release|Any CPU
		{ECD51082-FEEA-4672-91FA-37483B900069}.Release|Any CPU.Build.0 = Release|Any CPU
		{879156BE-AADD-4B18-B382-4569F130BEC7}.Debug|Any CPU.ActiveCfg = Debug|Any CPU
		{879156BE-AADD-4B18-B382-4569F130BEC7}.Debug|Any CPU.Build.0 = Debug|Any CPU
		{879156BE-AADD-4B18-B382-4569F130BEC7}.Release|Any CPU.ActiveCfg = Release|Any CPU
		{879156BE-AADD-4B18-B382-4569F130BEC7}.Release|Any CPU.Build.0 = Release|Any CPU
	EndGlobalSection
	GlobalSection(SolutionProperties) = preSolution
		HideSolutionNode = FALSE
	EndGlobalSection
	GlobalSection(ExtensibilityGlobals) = postSolution
		SolutionGuid = {3F50BD2E-8AD8-46A7-8613-C5A221F3A9DC}
	EndGlobalSection
EndGlobal
